
Microsoft Visual Studio Solution File, Format Version 12.00
# Visual Studio 2012
Project("{E24C65DC-7377-472B-9ABA-BC803B73C61A}") = "TMaterial", "http://localhost:49770", "{724B4C35-076E-4B24-AD1B-C6DC5EDCE148}"
	ProjectSection(WebsiteProperties) = preProject
		UseIISExpress = "true"
		TargetFrameworkMoniker = ".NETFramework,Version%3Dv4.5"
		Debug.AspNetCompiler.VirtualPath = "/localhost_49770"
		Debug.AspNetCompiler.PhysicalPath = "..\TMaterial\"
		Debug.AspNetCompiler.TargetPath = "PrecompiledWeb\localhost_49770\"
		Debug.AspNetCompiler.Updateable = "true"
		Debug.AspNetCompiler.ForceOverwrite = "true"
		Debug.AspNetCompiler.FixedNames = "false"
		Debug.AspNetCompiler.Debug = "True"
		Release.AspNetCompiler.VirtualPath = "/localhost_49770"
		Release.AspNetCompiler.PhysicalPath = "..\TMaterial\"
		Release.AspNetCompiler.TargetPath = "PrecompiledWeb\localhost_49770\"
		Release.AspNetCompiler.Updateable = "true"
		Release.AspNetCompiler.ForceOverwrite = "true"
		Release.AspNetCompiler.FixedNames = "false"
		Release.AspNetCompiler.Debug = "False"
		SlnRelativePath = "..\TMaterial\"
	EndProjectSection
EndProject
Global
	GlobalSection(SolutionConfigurationPlatforms) = preSolution
		Debug|Any CPU = Debug|Any CPU
	EndGlobalSection
	GlobalSection(ProjectConfigurationPlatforms) = postSolution
		{724B4C35-076E-4B24-AD1B-C6DC5EDCE148}.Debug|Any CPU.ActiveCfg = Debug|Any CPU
		{724B4C35-076E-4B24-AD1B-C6DC5EDCE148}.Debug|Any CPU.Build.0 = Debug|Any CPU
	EndGlobalSection
	GlobalSection(SolutionProperties) = preSolution
		HideSolutionNode = FALSE
	EndGlobalSection
EndGlobal
